
Microsoft Visual Studio Solution File, Format Version 12.00
# Visual Studio Version 17
VisualStudioVersion = 17.13.35931.197 d17.13
MinimumVisualStudioVersion = 10.0.40219.1
Project("{FAE04EC0-301F-11D3-BF4B-00C04F79EFBC}") = "AcerShopBackend", "AcerShopBackend.csproj", "{8AB0D172-9D0A-4443-847E-6697B2A6CA33}"
EndProject
Global
	GlobalSection(SolutionConfigurationPlatforms) = preSolution
		Debug|Any CPU = Debug|Any CPU
		Release|Any CPU = Release|Any CPU
	EndGlobalSection
	GlobalSection(ProjectConfigurationPlatforms) = postSolution
		{8AB0D172-9D0A-4443-847E-6697B2A6CA33}.Debug|Any CPU.ActiveCfg = Debug|Any CPU
		{8AB0D172-9D0A-4443-847E-6697B2A6CA33}.Debug|Any CPU.Build.0 = Debug|Any CPU
		{8AB0D172-9D0A-4443-847E-6697B2A6CA33}.Release|Any CPU.ActiveCfg = Release|Any CPU
		{8AB0D172-9D0A-4443-847E-6697B2A6CA33}.Release|Any CPU.Build.0 = Release|Any CPU
	EndGlobalSection
	GlobalSection(SolutionProperties) = preSolution
		HideSolutionNode = FALSE
	EndGlobalSection
	GlobalSection(ExtensibilityGlobals) = postSolution
		SolutionGuid = {53C0D532-C174-4442-8003-218B13048185}
	EndGlobalSection
EndGlobal
